
Microsoft Visual Studio Solution File, Format Version 12.00
# Visual Studio Version 18
VisualStudioVersion = 18.2.11408.102
MinimumVisualStudioVersion = 10.0.40219.1
Project("{FAE04EC0-301F-11D3-BF4B-00C04F79EFBC}") = "CocosNG.Core", "CocosNG\CocosNG.Core\CocosNG.Core.csproj", "{99B2B1E0-B46E-439C-A61C-E56036A99BA1}"
EndProject
Project("{FAE04EC0-301F-11D3-BF4B-00C04F79EFBC}") = "CocosNG.Tests", "CocosNG\CocosNG.Tests\CocosNG.Tests.csproj", "{0D28DAFF-925D-41E5-BD0A-59BCD0B3DAFC}"
EndProject
Project("{FAE04EC0-301F-11D3-BF4B-00C04F79EFBC}") = "XnaNG.Framework", "XnaNG\XnaNG.Framework\XnaNG.Framework.csproj", "{9E2375F5-FCDD-41E7-94EB-62E711FA1D99}"
EndProject
Project("{FAE04EC0-301F-11D3-BF4B-00C04F79EFBC}") = "XnaNG.Platform", "XnaNG\XnaNG.Platform\XnaNG.Platform.csproj", "{7D3B6AEE-A690-4BA0-93B3-9E192318D8C8}"
EndProject
Project("{2150E333-8FDC-42A3-9474-1A3956D46DE8}") = "CocosNG", "CocosNG", "{0EC56311-C66E-0D75-9217-059CB83B4BAA}"
EndProject
Project("{FAE04EC0-301F-11D3-BF4B-00C04F79EFBC}") = "CocosNG.HelloCocos", "CocosNG\CocosNG.HelloCocos\CocosNG.HelloCocos.csproj", "{F28DE1FB-E125-48F5-B8AD-8978E020B98E}"
EndProject
Project("{2150E333-8FDC-42A3-9474-1A3956D46DE8}") = "XnaNG", "XnaNG", "{8C4FCF69-536D-9F73-0F47-4C417A258C0C}"
EndProject
Global
	GlobalSection(SolutionConfigurationPlatforms) = preSolution
		Debug|Any CPU = Debug|Any CPU
		Debug|x64 = Debug|x64
		Debug|x86 = Debug|x86
		DebugAndroid|Any CPU = DebugAndroid|Any CPU
		DebugAndroid|x64 = DebugAndroid|x64
		DebugAndroid|x86 = DebugAndroid|x86
		DebugWindows|Any CPU = DebugWindows|Any CPU
		DebugWindows|x64 = DebugWindows|x64
		DebugWindows|x86 = DebugWindows|x86
		Release|Any CPU = Release|Any CPU
		Release|x64 = Release|x64
		Release|x86 = Release|x86
	EndGlobalSection
	GlobalSection(ProjectConfigurationPlatforms) = postSolution
		{99B2B1E0-B46E-439C-A61C-E56036A99BA1}.Debug|Any CPU.ActiveCfg = Debug|Any CPU
		{99B2B1E0-B46E-439C-A61C-E56036A99BA1}.Debug|Any CPU.Build.0 = Debug|Any CPU
		{99B2B1E0-B46E-439C-A61C-E56036A99BA1}.Debug|x64.ActiveCfg = Debug|Any CPU
		{99B2B1E0-B46E-439C-A61C-E56036A99BA1}.Debug|x64.Build.0 = Debug|Any CPU
		{99B2B1E0-B46E-439C-A61C-E56036A99BA1}.Debug|x86.ActiveCfg = Debug|Any CPU
		{99B2B1E0-B46E-439C-A61C-E56036A99BA1}.Debug|x86.Build.0 = Debug|Any CPU
		{99B2B1E0-B46E-439C-A61C-E56036A99BA1}.DebugAndroid|Any CPU.ActiveCfg = DebugAndroid|Any CPU
		{99B2B1E0-B46E-439C-A61C-E56036A99BA1}.DebugAndroid|Any CPU.Build.0 = DebugAndroid|Any CPU
		{99B2B1E0-B46E-439C-A61C-E56036A99BA1}.DebugAndroid|x64.ActiveCfg = DebugAndroid|Any CPU
		{99B2B1E0-B46E-439C-A61C-E56036A99BA1}.DebugAndroid|x64.Build.0 = DebugAndroid|Any CPU
		{99B2B1E0-B46E-439C-A61C-E56036A99BA1}.DebugAndroid|x86.ActiveCfg = DebugAndroid|Any CPU
		{99B2B1E0-B46E-439C-A61C-E56036A99BA1}.DebugAndroid|x86.Build.0 = DebugAndroid|Any CPU
		{99B2B1E0-B46E-439C-A61C-E56036A99BA1}.DebugWindows|Any CPU.ActiveCfg = DebugWindows|Any CPU
		{99B2B1E0-B46E-439C-A61C-E56036A99BA1}.DebugWindows|Any CPU.Build.0 = DebugWindows|Any CPU
		{99B2B1E0-B46E-439C-A61C-E56036A99BA1}.DebugWindows|x64.ActiveCfg = DebugWindows|Any CPU
		{99B2B1E0-B46E-439C-A61C-E56036A99BA1}.DebugWindows|x64.Build.0 = DebugWindows|Any CPU
		{99B2B1E0-B46E-439C-A61C-E56036A99BA1}.DebugWindows|x86.ActiveCfg = DebugWindows|Any CPU
		{99B2B1E0-B46E-439C-A61C-E56036A99BA1}.DebugWindows|x86.Build.0 = DebugWindows|Any CPU
		{99B2B1E0-B46E-439C-A61C-E56036A99BA1}.Release|Any CPU.ActiveCfg = Release|Any CPU
		{99B2B1E0-B46E-439C-A61C-E56036A99BA1}.Release|Any CPU.Build.0 = Release|Any CPU
		{99B2B1E0-B46E-439C-A61C-E56036A99BA1}.Release|x64.ActiveCfg = Release|Any CPU
		{99B2B1E0-B46E-439C-A61C-E56036A99BA1}.Release|x64.Build.0 = Release|Any CPU
		{99B2B1E0-B46E-439C-A61C-E56036A99BA1}.Release|x86.ActiveCfg = Release|Any CPU
		{99B2B1E0-B46E-439C-A61C-E56036A99BA1}.Release|x86.Build.0 = Release|Any CPU
		{0D28DAFF-925D-41E5-BD0A-59BCD0B3DAFC}.Debug|Any CPU.ActiveCfg = Debug|Any CPU
		{0D28DAFF-925D-41E5-BD0A-59BCD0B3DAFC}.Debug|Any CPU.Build.0 = Debug|Any CPU
		{0D28DAFF-925D-41E5-BD0A-59BCD0B3DAFC}.Debug|x64.ActiveCfg = Debug|Any CPU
		{0D28DAFF-925D-41E5-BD0A-59BCD0B3DAFC}.Debug|x64.Build.0 = Debug|Any CPU
		{0D28DAFF-925D-41E5-BD0A-59BCD0B3DAFC}.Debug|x86.ActiveCfg = Debug|Any CPU
		{0D28DAFF-925D-41E5-BD0A-59BCD0B3DAFC}.Debug|x86.Build.0 = Debug|Any CPU
		{0D28DAFF-925D-41E5-BD0A-59BCD0B3DAFC}.DebugAndroid|Any CPU.ActiveCfg = DebugAndroid|Any CPU
		{0D28DAFF-925D-41E5-BD0A-59BCD0B3DAFC}.DebugAndroid|Any CPU.Build.0 = DebugAndroid|Any CPU
		{0D28DAFF-925D-41E5-BD0A-59BCD0B3DAFC}.DebugAndroid|x64.ActiveCfg = DebugAndroid|Any CPU
		{0D28DAFF-925D-41E5-BD0A-59BCD0B3DAFC}.DebugAndroid|x64.Build.0 = DebugAndroid|Any CPU
		{0D28DAFF-925D-41E5-BD0A-59BCD0B3DAFC}.DebugAndroid|x86.ActiveCfg = DebugAndroid|Any CPU
		{0D28DAFF-925D-41E5-BD0A-59BCD0B3DAFC}.DebugAndroid|x86.Build.0 = DebugAndroid|Any CPU
		{0D28DAFF-925D-41E5-BD0A-59BCD0B3DAFC}.DebugWindows|Any CPU.ActiveCfg = DebugWindows|Any CPU
		{0D28DAFF-925D-41E5-BD0A-59BCD0B3DAFC}.DebugWindows|Any CPU.Build.0 = DebugWindows|Any CPU
		{0D28DAFF-925D-41E5-BD0A-59BCD0B3DAFC}.DebugWindows|x64.ActiveCfg = DebugWindows|Any CPU
		{0D28DAFF-925D-41E5-BD0A-59BCD0B3DAFC}.DebugWindows|x64.Build.0 = DebugWindows|Any CPU
		{0D28DAFF-925D-41E5-BD0A-59BCD0B3DAFC}.DebugWindows|x86.ActiveCfg = DebugWindows|Any CPU
		{0D28DAFF-925D-41E5-BD0A-59BCD0B3DAFC}.DebugWindows|x86.Build.0 = DebugWindows|Any CPU
		{0D28DAFF-925D-41E5-BD0A-59BCD0B3DAFC}.Release|Any CPU.ActiveCfg = Release|Any CPU
		{0D28DAFF-925D-41E5-BD0A-59BCD0B3DAFC}.Release|Any CPU.Build.0 = Release|Any CPU
		{0D28DAFF-925D-41E5-BD0A-59BCD0B3DAFC}.Release|x64.ActiveCfg = Release|Any CPU
		{0D28DAFF-925D-41E5-BD0A-59BCD0B3DAFC}.Release|x64.Build.0 = Release|Any CPU
		{0D28DAFF-925D-41E5-BD0A-59BCD0B3DAFC}.Release|x86.ActiveCfg = Release|Any CPU
		{0D28DAFF-925D-41E5-BD0A-59BCD0B3DAFC}.Release|x86.Build.0 = Release|Any CPU
		{9E2375F5-FCDD-41E7-94EB-62E711FA1D99}.Debug|Any CPU.ActiveCfg = Debug|Any CPU
		{9E2375F5-FCDD-41E7-94EB-62E711FA1D99}.Debug|Any CPU.Build.0 = Debug|Any CPU
		{9E2375F5-FCDD-41E7-94EB-62E711FA1D99}.Debug|x64.ActiveCfg = Debug|Any CPU
		{9E2375F5-FCDD-41E7-94EB-62E711FA1D99}.Debug|x64.Build.0 = Debug|Any CPU
		{9E2375F5-FCDD-41E7-94EB-62E711FA1D99}.Debug|x86.ActiveCfg = Debug|Any CPU
		{9E2375F5-FCDD-41E7-94EB-62E711FA1D99}.Debug|x86.Build.0 = Debug|Any CPU
		{9E2375F5-FCDD-41E7-94EB-62E711FA1D99}.DebugAndroid|Any CPU.ActiveCfg = DebugAndroid|Any CPU
		{9E2375F5-FCDD-41E7-94EB-62E711FA1D99}.DebugAndroid|Any CPU.Build.0 = DebugAndroid|Any CPU
		{9E2375F5-FCDD-41E7-94EB-62E711FA1D99}.DebugAndroid|x64.ActiveCfg = DebugAndroid|Any CPU
		{9E2375F5-FCDD-41E7-94EB-62E711FA1D99}.DebugAndroid|x64.Build.0 = DebugAndroid|Any CPU
		{9E2375F5-FCDD-41E7-94EB-62E711FA1D99}.DebugAndroid|x86.ActiveCfg = DebugAndroid|Any CPU
		{9E2375F5-FCDD-41E7-94EB-62E711FA1D99}.DebugAndroid|x86.Build.0 = DebugAndroid|Any CPU
		{9E2375F5-FCDD-41E7-94EB-62E711FA1D99}.DebugWindows|Any CPU.ActiveCfg = DebugWindows|Any CPU
		{9E2375F5-FCDD-41E7-94EB-62E711FA1D99}.DebugWindows|Any CPU.Build.0 = DebugWindows|Any CPU
		{9E2375F5-FCDD-41E7-94EB-62E711FA1D99}.DebugWindows|x64.ActiveCfg = DebugWindows|Any CPU
		{9E2375F5-FCDD-41E7-94EB-62E711FA1D99}.DebugWindows|x64.Build.0 = DebugWindows|Any CPU
		{9E2375F5-FCDD-41E7-94EB-62E711FA1D99}.DebugWindows|x86.ActiveCfg = DebugWindows|Any CPU
		{9E2375F5-FCDD-41E7-94EB-62E711FA1D99}.DebugWindows|x86.Build.0 = DebugWindows|Any CPU
		{9E2375F5-FCDD-41E7-94EB-62E711FA1D99}.Release|Any CPU.ActiveCfg = Release|Any CPU
		{9E2375F5-FCDD-41E7-94EB-62E711FA1D99}.Release|Any CPU.Build.0 = Release|Any CPU
		{9E2375F5-FCDD-41E7-94EB-62E711FA1D99}.Release|x64.ActiveCfg = Release|Any CPU
		{9E2375F5-FCDD-41E7-94EB-62E711FA1D99}.Release|x64.Build.0 = Release|Any CPU
		{9E2375F5-FCDD-41E7-94EB-62E711FA1D99}.Release|x86.ActiveCfg = Release|Any CPU
		{9E2375F5-FCDD-41E7-94EB-62E711FA1D99}.Release|x86.Build.0 = Release|Any CPU
		{7D3B6AEE-A690-4BA0-93B3-9E192318D8C8}.Debug|Any CPU.ActiveCfg = Debug|Any CPU
		{7D3B6AEE-A690-4BA0-93B3-9E192318D8C8}.Debug|Any CPU.Build.0 = Debug|Any CPU
		{7D3B6AEE-A690-4BA0-93B3-9E192318D8C8}.Debug|x64.ActiveCfg = Debug|Any CPU
		{7D3B6AEE-A690-4BA0-93B3-9E192318D8C8}.Debug|x64.Build.0 = Debug|Any CPU
		{7D3B6AEE-A690-4BA0-93B3-9E192318D8C8}.Debug|x86.ActiveCfg = Debug|Any CPU
		{7D3B6AEE-A690-4BA0-93B3-9E192318D8C8}.Debug|x86.Build.0 = Debug|Any CPU
		{7D3B6AEE-A690-4BA0-93B3-9E192318D8C8}.DebugAndroid|Any CPU.ActiveCfg = DebugAndroid|Any CPU
		{7D3B6AEE-A690-4BA0-93B3-9E192318D8C8}.DebugAndroid|Any CPU.Build.0 = DebugAndroid|Any CPU
		{7D3B6AEE-A690-4BA0-93B3-9E192318D8C8}.DebugAndroid|x64.ActiveCfg = DebugAndroid|Any CPU
		{7D3B6AEE-A690-4BA0-93B3-9E192318D8C8}.DebugAndroid|x64.Build.0 = DebugAndroid|Any CPU
		{7D3B6AEE-A690-4BA0-93B3-9E192318D8C8}.DebugAndroid|x86.ActiveCfg = DebugAndroid|Any CPU
		{7D3B6AEE-A690-4BA0-93B3-9E192318D8C8}.DebugAndroid|x86.Build.0 = DebugAndroid|Any CPU
		{7D3B6AEE-A690-4BA0-93B3-9E192318D8C8}.DebugWindows|Any CPU.ActiveCfg = DebugWindows|Any CPU
		{7D3B6AEE-A690-4BA0-93B3-9E192318D8C8}.DebugWindows|x64.ActiveCfg = DebugWindows|Any CPU
		{7D3B6AEE-A690-4BA0-93B3-9E192318D8C8}.DebugWindows|x64.Build.0 = DebugWindows|Any CPU
		{7D3B6AEE-A690-4BA0-93B3-9E192318D8C8}.DebugWindows|x86.ActiveCfg = DebugWindows|Any CPU
		{7D3B6AEE-A690-4BA0-93B3-9E192318D8C8}.DebugWindows|x86.Build.0 = DebugWindows|Any CPU
		{7D3B6AEE-A690-4BA0-93B3-9E192318D8C8}.Release|Any CPU.ActiveCfg = Release|Any CPU
		{7D3B6AEE-A690-4BA0-93B3-9E192318D8C8}.Release|Any CPU.Build.0 = Release|Any CPU
		{7D3B6AEE-A690-4BA0-93B3-9E192318D8C8}.Release|x64.ActiveCfg = Release|Any CPU
		{7D3B6AEE-A690-4BA0-93B3-9E192318D8C8}.Release|x64.Build.0 = Release|Any CPU
		{7D3B6AEE-A690-4BA0-93B3-9E192318D8C8}.Release|x86.ActiveCfg = Release|Any CPU
		{7D3B6AEE-A690-4BA0-93B3-9E192318D8C8}.Release|x86.Build.0 = Release|Any CPU
		{F28DE1FB-E125-48F5-B8AD-8978E020B98E}.Debug|Any CPU.ActiveCfg = Debug|Any CPU
		{F28DE1FB-E125-48F5-B8AD-8978E020B98E}.Debug|Any CPU.Build.0 = Debug|Any CPU
		{F28DE1FB-E125-48F5-B8AD-8978E020B98E}.Debug|x64.ActiveCfg = Debug|Any CPU
		{F28DE1FB-E125-48F5-B8AD-8978E020B98E}.Debug|x64.Build.0 = Debug|Any CPU
		{F28DE1FB-E125-48F5-B8AD-8978E020B98E}.Debug|x86.ActiveCfg = Debug|Any CPU
		{F28DE1FB-E125-48F5-B8AD-8978E020B98E}.Debug|x86.Build.0 = Debug|Any CPU
		{F28DE1FB-E125-48F5-B8AD-8978E020B98E}.DebugAndroid|Any CPU.ActiveCfg = DebugAndroid|Any CPU
		{F28DE1FB-E125-48F5-B8AD-8978E020B98E}.DebugAndroid|Any CPU.Build.0 = DebugAndroid|Any CPU
		{F28DE1FB-E125-48F5-B8AD-8978E020B98E}.DebugAndroid|x64.ActiveCfg = DebugAndroid|Any CPU
		{F28DE1FB-E125-48F5-B8AD-8978E020B98E}.DebugAndroid|x64.Build.0 = DebugAndroid|Any CPU
		{F28DE1FB-E125-48F5-B8AD-8978E020B98E}.DebugAndroid|x86.ActiveCfg = DebugAndroid|Any CPU
		{F28DE1FB-E125-48F5-B8AD-8978E020B98E}.DebugAndroid|x86.Build.0 = DebugAndroid|Any CPU
		{F28DE1FB-E125-48F5-B8AD-8978E020B98E}.DebugWindows|Any CPU.ActiveCfg = DebugWindows|Any CPU
		{F28DE1FB-E125-48F5-B8AD-8978E020B98E}.DebugWindows|Any CPU.Build.0 = DebugWindows|Any CPU
		{F28DE1FB-E125-48F5-B8AD-8978E020B98E}.DebugWindows|x64.ActiveCfg = DebugWindows|Any CPU
		{F28DE1FB-E125-48F5-B8AD-8978E020B98E}.DebugWindows|x64.Build.0 = DebugWindows|Any CPU
		{F28DE1FB-E125-48F5-B8AD-8978E020B98E}.DebugWindows|x86.ActiveCfg = DebugWindows|Any CPU
		{F28DE1FB-E125-48F5-B8AD-8978E020B98E}.DebugWindows|x86.Build.0 = DebugWindows|Any CPU
		{F28DE1FB-E125-48F5-B8AD-8978E020B98E}.Release|Any CPU.ActiveCfg = Release|Any CPU
		{F28DE1FB-E125-48F5-B8AD-8978E020B98E}.Release|Any CPU.Build.0 = Release|Any CPU
		{F28DE1FB-E125-48F5-B8AD-8978E020B98E}.Release|x64.ActiveCfg = Release|Any CPU
		{F28DE1FB-E125-48F5-B8AD-8978E020B98E}.Release|x64.Build.0 = Release|Any CPU
		{F28DE1FB-E125-48F5-B8AD-8978E020B98E}.Release|x86.ActiveCfg = Release|Any CPU
		{F28DE1FB-E125-48F5-B8AD-8978E020B98E}.Release|x86.Build.0 = Release|Any CPU
	EndGlobalSection
	GlobalSection(SolutionProperties) = preSolution
		HideSolutionNode = FALSE
	EndGlobalSection
	GlobalSection(NestedProjects) = preSolution
		{F28DE1FB-E125-48F5-B8AD-8978E020B98E} = {0EC56311-C66E-0D75-9217-059CB83B4BAA}
	EndGlobalSection
	GlobalSection(ExtensibilityGlobals) = postSolution
		SolutionGuid = {301CB05C-8C55-49BE-B351-D9D1243AE34C}
	EndGlobalSection
EndGlobal
